
Microsoft Visual Studio Solution File, Format Version 12.00
# Visual Studio 2017
Project("{FAE04EC0-301F-11D3-BF4B-00C04F79EFBC}") = "Tilemap", "Tilemap.csproj", "{74AA6893-214E-B41E-D68A-355BA8104FA3}"
EndProject
Project("{FAE04EC0-301F-11D3-BF4B-00C04F79EFBC}") = "Tilemap.Editor", "Tilemap.Editor.csproj", "{17CE0E60-777E-0709-77EA-CCA7E191DE5A}"
EndProject
Global
	GlobalSection(SolutionConfigurationPlatforms) = preSolution
		Debug|Any CPU = Debug|Any CPU
		Release|Any CPU = Release|Any CPU
	EndGlobalSection
	GlobalSection(ProjectConfigurationPlatforms) = postSolution
		{74AA6893-214E-B41E-D68A-355BA8104FA3}.Debug|Any CPU.ActiveCfg = Debug|Any CPU
		{74AA6893-214E-B41E-D68A-355BA8104FA3}.Debug|Any CPU.Build.0 = Debug|Any CPU
		{74AA6893-214E-B41E-D68A-355BA8104FA3}.Release|Any CPU.ActiveCfg = Release|Any CPU
		{74AA6893-214E-B41E-D68A-355BA8104FA3}.Release|Any CPU.Build.0 = Release|Any CPU
		{17CE0E60-777E-0709-77EA-CCA7E191DE5A}.Debug|Any CPU.ActiveCfg = Debug|Any CPU
		{17CE0E60-777E-0709-77EA-CCA7E191DE5A}.Debug|Any CPU.Build.0 = Debug|Any CPU
		{17CE0E60-777E-0709-77EA-CCA7E191DE5A}.Release|Any CPU.ActiveCfg = Release|Any CPU
		{17CE0E60-777E-0709-77EA-CCA7E191DE5A}.Release|Any CPU.Build.0 = Release|Any CPU
	EndGlobalSection
	GlobalSection(SolutionProperties) = preSolution
		HideSolutionNode = FALSE
	EndGlobalSection
EndGlobal
